
Microsoft Visual Studio Solution File, Format Version 12.00
# Visual Studio Version 16
VisualStudioVersion = 16.0.29911.84
MinimumVisualStudioVersion = 10.0.40219.1
Project("{FAE04EC0-301F-11D3-BF4B-00C04F79EFBC}") = "Practice", "Practice.csproj", "{284C56E7-C8F6-4B48-A28B-C5025C726D01}"
EndProject
Global
	GlobalSection(SolutionConfigurationPlatforms) = preSolution
		Debug|Any CPU = Debug|Any CPU
		Release|Any CPU = Release|Any CPU
	EndGlobalSection
	GlobalSection(ProjectConfigurationPlatforms) = postSolution
		{284C56E7-C8F6-4B48-A28B-C5025C726D01}.Debug|Any CPU.ActiveCfg = Debug|Any CPU
		{284C56E7-C8F6-4B48-A28B-C5025C726D01}.Debug|Any CPU.Build.0 = Debug|Any CPU
		{284C56E7-C8F6-4B48-A28B-C5025C726D01}.Release|Any CPU.ActiveCfg = Release|Any CPU
		{284C56E7-C8F6-4B48-A28B-C5025C726D01}.Release|Any CPU.Build.0 = Release|Any CPU
	EndGlobalSection
	GlobalSection(SolutionProperties) = preSolution
		HideSolutionNode = FALSE
	EndGlobalSection
	GlobalSection(ExtensibilityGlobals) = postSolution
		SolutionGuid = {C67F18A7-099A-488B-AF67-23D311BD453C}
	EndGlobalSection
EndGlobal
